#MicroXplorer Configuration settings - do not modify
Mcu.Family=STM32F7
ProjectManager.MainLocation=Src
RCC.USART1Freq_Value=108000000
RCC.SAI1Freq_Value=192000000
RCC.CortexFreq_Value=216000000
ProjectManager.KeepUserCode=true
Mcu.UserName=STM32F767IGTx
PC12.Locked=true
RCC.PLLCLKFreq_Value=216000000
PC12.Signal=UART5_TX
RCC.PLLQCLKFreq_Value=216000000
ProjectManager.functionlistsort=1-MX_GPIO_Init-GPIO-false-HAL-true,2-SystemClock_Config-RCC-false-HAL-false,3-MX_I2C4_Init-I2C4-false-HAL-true,4-MX_UART5_Init-UART5-false-HAL-true,5-MX_USART1_UART_Init-USART1-false-HAL-true,0-MX_CORTEX_M7_Init-CORTEX_M7-false-HAL-true
PA0/WKUP.Signal=S_TIM2_CH1_ETR
RCC.PLLI2SRCLKFreq_Value=192000000
RCC.USART2Freq_Value=54000000
PD2.Locked=true
TIM2.Channel-PWM\ Generation2\ CH2=TIM_CHANNEL_2
USART1.IPParameters=VirtualMode-Asynchronous,AutoBaudRateEnableParam
PD11.PinState=GPIO_PIN_RESET
PinOutPanel.RotationAngle=0
PH5.GPIOParameters=GPIO_PuPd
RCC.SYSCLKSource=RCC_SYSCLKSOURCE_PLLCLK
ProjectManager.StackSize=0x400
VP_FREERTOS_VS_CMSIS_V2.Mode=CMSIS_V2
RCC.LPTIM1Freq_Value=54000000
RCC.I2C3Freq_Value=54000000
PD13.Signal=I2C4_SDA
Mcu.IP4=RCC
RCC.FCLKCortexFreq_Value=216000000
Mcu.IP5=SYS
PD13.Locked=true
Mcu.IP2=I2C4
NVIC.SVCall_IRQn=true\:0\:0\:false\:false\:false\:false\:false\:false
Mcu.IP3=NVIC
Mcu.IP0=CORTEX_M7
FREERTOS.configENABLE_FPU=1
Mcu.IP1=FREERTOS
PH4.GPIOParameters=GPIO_PuPd
PH5.Signal=GPIO_Input
Mcu.UserConstants=
RCC.LCDTFTFreq_Value=96000000
RCC.SDMMCFreq_Value=216000000
Mcu.ThirdPartyNb=0
I2C4.Timing=0x20404768
PH0/OSC_IN.Mode=HSE-External-Oscillator
PD11.GPIO_Label=LED
RCC.HCLKFreq_Value=216000000
RCC.I2C4Freq_Value=54000000
Mcu.IPNb=9
RCC.PLLI2SRoutputFreq_Value=192000000
TIM2.IPParameters=Channel-PWM Generation1 CH1,Channel-PWM Generation2 CH2,Prescaler,AutoReloadPreload,Period,Channel-PWM Generation3 CH3,Channel-PWM Generation4 CH4
ProjectManager.PreviousToolchain=
RCC.APB2TimFreq_Value=216000000
RCC.SPDIFRXFreq_Value=192000000
PH1/OSC_OUT.Signal=RCC_OSC_OUT
Mcu.Pin6=PH5
RCC.SAI2Freq_Value=192000000
Mcu.Pin7=PA3
Mcu.Pin8=PD11
Mcu.Pin9=PD12
RCC.VCOSAIOutputFreq_Value=384000000
FREERTOS.IPParameters=Tasks01,configENABLE_FPU,configTOTAL_HEAP_SIZE
RCC.AHBFreq_Value=216000000
Mcu.Pin0=PH0/OSC_IN
Mcu.Pin1=PH1/OSC_OUT
GPIO.groupedBy=Group By Peripherals
Mcu.Pin2=PA0/WKUP
Mcu.Pin3=PA1
RCC.USART3Freq_Value=54000000
Mcu.Pin4=PA2
Mcu.Pin5=PH4
RCC.PLLSAIRCLKFreq_Value=192000000
ProjectManager.ProjectBuild=false
RCC.HSE_VALUE=25000000
NVIC.UsageFault_IRQn=true\:0\:0\:false\:false\:true\:false\:false\:false
NVIC.DebugMonitor_IRQn=true\:0\:0\:false\:false\:true\:false\:false\:false
NVIC.SysTick_IRQn=true\:15\:0\:false\:false\:false\:true\:false\:false
ProjectManager.FirmwarePackage=STM32Cube FW_F7 V1.16.0
PH4.GPIO_PuPd=GPIO_PULLUP
MxDb.Version=DB.5.0.60
ProjectManager.BackupPrevious=false
RCC.VCOInputFreq_Value=2000000
PA14.Mode=Serial_Wire
VP_SYS_VS_tim1.Mode=TIM1
File.Version=6
TIM2.Channel-PWM\ Generation1\ CH1=TIM_CHANNEL_1
NVIC.PendSV_IRQn=true\:15\:0\:false\:false\:false\:true\:false\:false
PH1/OSC_OUT.Mode=HSE-External-Oscillator
ProjectManager.HalAssertFull=false
FREERTOS.configTOTAL_HEAP_SIZE=36864
ProjectManager.ProjectName=dog
RCC.MCO2PinFreq_Value=216000000
Mcu.Package=LQFP176
TIM2.Prescaler=216
NVIC.TimeBase=TIM1_UP_TIM10_IRQn
PD11.Locked=true
PD12.Signal=I2C4_SCL
ProjectManager.ToolChainLocation=
RCC.LSI_VALUE=32000
NVIC.TimeBaseIP=TIM1
PA10.Signal=USART1_RX
RCC.DFSDMFreq_Value=108000000
RCC.APB2CLKDivider=RCC_HCLK_DIV2
RCC.CECFreq_Value=32786.88524590164
RCC.APB1TimFreq_Value=108000000
NVIC.BusFault_IRQn=true\:0\:0\:false\:false\:true\:false\:false\:false
SH.S_TIM2_CH4.ConfNb=1
RCC.DFSDMAudioFreq_Value=192000000
ProjectManager.CustomerFirmwarePackage=
RCC.PLLSAIQCLKFreq_Value=192000000
PA3.Signal=S_TIM2_CH4
RCC.I2SFreq_Value=192000000
RCC.PLLQoutputFreq_Value=216000000
ProjectManager.ProjectFileName=dog.ioc
TIM2.Channel-PWM\ Generation4\ CH4=TIM_CHANNEL_4
CORTEX_M7.CPU_ICache=Enabled
FREERTOS.Tasks01=defaultTask,24,128,StartDefaultTask,Default,NULL,Dynamic,NULL,NULL
RCC.UART7Freq_Value=54000000
PA10.Mode=Asynchronous
Mcu.PinsNb=19
ProjectManager.NoMain=false
RCC.PLLRFreq_Value=216000000
ProjectManager.DefaultFWLocation=true
ProjectManager.DeletePrevious=true
RCC.UART8Freq_Value=54000000
RCC.APB1CLKDivider=RCC_HCLK_DIV4
SH.S_TIM2_CH1_ETR.ConfNb=1
RCC.FamilyName=M
PD12.Locked=true
USART1.VirtualMode-Asynchronous=VM_ASYNC
PA13.Signal=SYS_JTMS-SWDIO
SH.S_TIM2_CH2.0=TIM2_CH2,PWM Generation2 CH2
PA9.Mode=Asynchronous
PH4.Signal=GPIO_Input
PH4.Locked=true
ProjectManager.TargetToolchain=Makefile
RCC.USART6Freq_Value=108000000
PH5.GPIO_PuPd=GPIO_PULLUP
PA9.Signal=USART1_TX
SH.S_TIM2_CH2.ConfNb=1
PD13.Mode=I2C
RCC.USBFreq_Value=216000000
RCC.PLLSAIoutputFreq_Value=192000000
RCC.LSE_VALUE=32768
PA1.Signal=S_TIM2_CH2
RCC.VCOI2SOutputFreq_Value=384000000
PD2.Mode=Asynchronous
PC12.Mode=Asynchronous
RCC.PLLSAIPCLKFreq_Value=192000000
board=custom
RCC.VCOOutputFreq_Value=432000000
ProjectManager.LastFirmware=true
PD11.GPIOParameters=PinState,GPIO_Label
PH0/OSC_IN.Signal=RCC_OSC_IN
RCC.APB2Freq_Value=108000000
RCC.UART4Freq_Value=54000000
MxCube.Version=5.6.1
RCC.I2C1Freq_Value=54000000
SH.S_TIM2_CH3.0=TIM2_CH3,PWM Generation3 CH3
VP_SYS_VS_tim1.Signal=SYS_VS_tim1
RCC.PLLI2SPCLKFreq_Value=192000000
RCC.RNGFreq_Value=216000000
RCC.EthernetFreq_Value=216000000
TIM2.Channel-PWM\ Generation3\ CH3=TIM_CHANNEL_3
PA9.Locked=true
NVIC.NonMaskableInt_IRQn=true\:0\:0\:false\:false\:true\:false\:false\:false
SH.S_TIM2_CH3.ConfNb=1
TIM2.Period=1000
RCC.UART5Freq_Value=54000000
PA13.Mode=Serial_Wire
ProjectManager.FreePins=false
RCC.IPParameters=AHBFreq_Value,APB1CLKDivider,APB1Freq_Value,APB1TimFreq_Value,APB2CLKDivider,APB2Freq_Value,APB2TimFreq_Value,CECFreq_Value,CortexFreq_Value,DFSDMAudioFreq_Value,DFSDMFreq_Value,EthernetFreq_Value,FCLKCortexFreq_Value,FamilyName,HCLKFreq_Value,HSE_VALUE,HSI_VALUE,I2C1Freq_Value,I2C2Freq_Value,I2C3Freq_Value,I2C4Freq_Value,I2SFreq_Value,LCDTFTFreq_Value,LPTIM1Freq_Value,LSE_VALUE,LSI_VALUE,MCO2PinFreq_Value,PLLCLKFreq_Value,PLLI2SPCLKFreq_Value,PLLI2SQCLKFreq_Value,PLLI2SRCLKFreq_Value,PLLI2SRoutputFreq_Value,PLLM,PLLN,PLLQCLKFreq_Value,PLLQoutputFreq_Value,PLLRFreq_Value,PLLSAIPCLKFreq_Value,PLLSAIQCLKFreq_Value,PLLSAIRCLKFreq_Value,PLLSAIoutputFreq_Value,RNGFreq_Value,SAI1Freq_Value,SAI2Freq_Value,SDMMC2Freq_Value,SDMMCFreq_Value,SPDIFRXFreq_Value,SYSCLKFreq_VALUE,SYSCLKSource,UART4Freq_Value,UART5Freq_Value,UART7Freq_Value,UART8Freq_Value,USART1Freq_Value,USART2Freq_Value,USART3Freq_Value,USART6Freq_Value,USBFreq_Value,VCOI2SOutputFreq_Value,VCOInputFreq_Value,VCOOutputFreq_Value,VCOSAIOutputFreq_Value
ProjectManager.AskForMigrate=true
Mcu.Name=STM32F767I(G-I)Tx
RCC.PLLI2SQCLKFreq_Value=192000000
PA2.Signal=S_TIM2_CH3
ProjectManager.UnderRoot=false
CORTEX_M7.IPParameters=CPU_ICache,CPU_DCache
Mcu.IP8=USART1
VP_FREERTOS_VS_CMSIS_V2.Signal=FREERTOS_VS_CMSIS_V2
Mcu.IP6=TIM2
Mcu.IP7=UART5
ProjectManager.CoupleFile=true
RCC.SYSCLKFreq_VALUE=216000000
PD12.Mode=I2C
PA10.Locked=true
NVIC.ForceEnableDMAVector=true
KeepUserPlacement=false
USART1.AutoBaudRateEnableParam=UART_ADVFEATURE_AUTOBAUDRATE_DISABLE
PD11.Signal=GPIO_Output
NVIC.MemoryManagement_IRQn=true\:0\:0\:false\:false\:true\:false\:false\:false
ProjectManager.CompilerOptimize=6
SH.S_TIM2_CH1_ETR.0=TIM2_CH1,PWM Generation1 CH1
PA14.Signal=SYS_JTCK-SWCLK
ProjectManager.HeapSize=0x200
Mcu.Pin15=PC12
NVIC.HardFault_IRQn=true\:0\:0\:false\:false\:true\:false\:false\:false
Mcu.Pin16=PD2
PH5.Locked=true
SH.S_TIM2_CH4.0=TIM2_CH4,PWM Generation4 CH4
Mcu.Pin13=PA13
Mcu.Pin14=PA14
NVIC.TIM1_UP_TIM10_IRQn=true\:0\:0\:false\:false\:true\:false\:false\:true
ProjectManager.ComputerToolchain=false
Mcu.Pin17=VP_FREERTOS_VS_CMSIS_V2
RCC.HSI_VALUE=16000000
Mcu.Pin18=VP_SYS_VS_tim1
NVIC.PriorityGroup=NVIC_PRIORITYGROUP_4
Mcu.Pin11=PA9
Mcu.Pin12=PA10
RCC.PLLM=8
RCC.PLLN=216
Mcu.Pin10=PD13
TIM2.AutoReloadPreload=TIM_AUTORELOAD_PRELOAD_ENABLE
CORTEX_M7.CPU_DCache=Enabled
PD2.Signal=UART5_RX
RCC.I2C2Freq_Value=54000000
RCC.APB1Freq_Value=54000000
RCC.SDMMC2Freq_Value=216000000
ProjectManager.DeviceId=STM32F767IGTx
ProjectManager.LibraryCopy=0
I2C4.IPParameters=Timing
